<?xml version="1.0" encoding="utf-8"?>
<Project ToolsVersion="4.0" xmlns="http://schemas.microsoft.com/developer/msbuild/2003">
  <ItemGroup>
    <Filter Include="Source Files">
      <UniqueIdentifier>{54f5e2f8-f0c1-46a9-8635-599b4b34a7ee}</UniqueIdentifier>
      <Extensions>cpp;c;cxx;rc;def;r;odl;idl;hpj;bat</Extensions>
    </Filter>
    <Filter Include="Header Files">
      <UniqueIdentifier>{76c1454f-d453-4e0f-b504-0413a81bf8b9}</UniqueIdentifier>
      <Extensions>h;hpp;hxx;hm;inl</Extensions>
    </Filter>
    <Filter Include="Resource Files">
      <UniqueIdentifier>{c8023ac6-96cc-4e1e-b1c8-89bf86b5cbb2}</UniqueIdentifier>
      <Extensions>ico;cur;bmp;dlg;rc2;rct;bin;rgs;gif;jpg;jpeg;jpe</Extensions>
    </Filter>
    <Filter Include="Controls">
      <UniqueIdentifier>{787a5d62-0773-4409-b094-ec2ba4f324f1}</UniqueIdentifier>
      <Extensions>cpp;h</Extensions>
    </Filter>
    <Filter Include="Common">
      <UniqueIdentifier>{2c942a4a-ac64-4b58-ba59-df2811aad66f}</UniqueIdentifier>
      <Extensions>cpp;h</Extensions>
    </Filter>
  </ItemGroup>
  <ItemGroup>
    <ClCompile Include="Copy2Excel.cpp">
      <Filter>Source Files</Filter>
    </ClCompile>
    <ClCompile Include="DBF.CPP">
      <Filter>Source Files</Filter>
    </ClCompile>
    <ClCompile Include="DefBirth.cpp">
      <Filter>Source Files</Filter>
    </ClCompile>
    <ClCompile Include="Er3ToEr3.cpp">
      <Filter>Source Files</Filter>
    </ClCompile>
    <ClCompile Include="EraToEr3.cpp">
      <Filter>Source Files</Filter>
    </ClCompile>
    <ClCompile Include="ExportDlgs.cpp">
      <Filter>Source Files</Filter>
    </ClCompile>
    <ClCompile Include="ImpExp.cpp">
      <Filter>Source Files</Filter>
    </ClCompile>
    <ClCompile Include="ImportDlg.cpp">
      <Filter>Source Files</Filter>
    </ClCompile>
    <ClCompile Include="ImportProgessDlg.cpp">
      <Filter>Source Files</Filter>
    </ClCompile>
    <ClCompile Include="MyFileDialog.cpp">
      <Filter>Source Files</Filter>
    </ClCompile>
    <ClCompile Include="OldCaches.cpp">
      <Filter>Source Files</Filter>
    </ClCompile>
    <ClCompile Include="OOCalcWrapper.cpp">
      <Filter>Source Files</Filter>
    </ClCompile>
    <ClCompile Include="RepairDlg.cpp">
      <Filter>Source Files</Filter>
    </ClCompile>
    <ClCompile Include="SafeArrayHelper.cpp">
      <Filter>Source Files</Filter>
    </ClCompile>
    <ClCompile Include="ScriptObject.cpp">
      <Filter>Source Files</Filter>
    </ClCompile>
    <ClCompile Include="StdAfx.cpp">
      <Filter>Source Files</Filter>
    </ClCompile>
    <ClCompile Include="..\Controls\FEButton.cpp">
      <Filter>Controls</Filter>
    </ClCompile>
    <ClCompile Include="..\Controls\FileEditCtrl.cpp">
      <Filter>Controls</Filter>
    </ClCompile>
    <ClCompile Include="..\Controls\NewWizDialog.cpp">
      <Filter>Controls</Filter>
    </ClCompile>
    <ClCompile Include="..\Controls\NewWizPage.cpp">
      <Filter>Controls</Filter>
    </ClCompile>
    <ClCompile Include="..\Common\BasicExcelVC6.cpp">
      <Filter>Common</Filter>
    </ClCompile>
    <ClCompile Include="..\Common\CyrString.cpp">
      <Filter>Common</Filter>
    </ClCompile>
    <ClCompile Include="..\Common\DAO36.cpp">
      <Filter>Common</Filter>
    </ClCompile>
    <ClCompile Include="..\Common\DaoErr.cpp">
      <Filter>Common</Filter>
    </ClCompile>
    <ClCompile Include="..\Common\DB.CPP">
      <Filter>Common</Filter>
    </ClCompile>
    <ClCompile Include="..\Common\Elections.cpp">
      <Filter>Common</Filter>
    </ClCompile>
    <ClCompile Include="..\Common\ExpByExcel.cpp">
      <Filter>Common</Filter>
    </ClCompile>
    <ClCompile Include="..\Common\Export.cpp">
      <Filter>Common</Filter>
    </ClCompile>
    <ClCompile Include="..\Common\FHelpers.cpp">
      <Filter>Common</Filter>
    </ClCompile>
    <ClCompile Include="..\Common\MDB.CPP">
      <Filter>Common</Filter>
    </ClCompile>
    <ClCompile Include="..\Common\Monthes.cpp">
      <Filter>Common</Filter>
    </ClCompile>
  </ItemGroup>
  <ItemGroup>
    <ResourceCompile Include="ImpExp.rc">
      <Filter>Source Files</Filter>
    </ResourceCompile>
  </ItemGroup>
  <ItemGroup>
    <ClInclude Include="DBF.H">
      <Filter>Header Files</Filter>
    </ClInclude>
    <ClInclude Include="DefBirth.h">
      <Filter>Header Files</Filter>
    </ClInclude>
    <ClInclude Include="Er3ToEr3.h">
      <Filter>Header Files</Filter>
    </ClInclude>
    <ClInclude Include="EraToEr3.h">
      <Filter>Header Files</Filter>
    </ClInclude>
    <ClInclude Include="ExportDlgs.h">
      <Filter>Header Files</Filter>
    </ClInclude>
    <ClInclude Include="ImpExp.h">
      <Filter>Header Files</Filter>
    </ClInclude>
    <ClInclude Include="ImportDlg.h">
      <Filter>Header Files</Filter>
    </ClInclude>
    <ClInclude Include="ImportProgessDlg.h">
      <Filter>Header Files</Filter>
    </ClInclude>
    <ClInclude Include="MyFileDialog.h">
      <Filter>Header Files</Filter>
    </ClInclude>
    <ClInclude Include="OldCaches.h">
      <Filter>Header Files</Filter>
    </ClInclude>
    <ClInclude Include="OOCalcWrapper.h">
      <Filter>Header Files</Filter>
    </ClInclude>
    <ClInclude Include="RepairDlg.h">
      <Filter>Header Files</Filter>
    </ClInclude>
    <ClInclude Include="Resource.h">
      <Filter>Header Files</Filter>
    </ClInclude>
    <ClInclude Include="SafeArrayHelper.h">
      <Filter>Header Files</Filter>
    </ClInclude>
    <ClInclude Include="ScriptObject.h">
      <Filter>Header Files</Filter>
    </ClInclude>
    <ClInclude Include="StdAfx.h">
      <Filter>Header Files</Filter>
    </ClInclude>
    <ClInclude Include="..\Controls\FEButton.h">
      <Filter>Controls</Filter>
    </ClInclude>
    <ClInclude Include="..\Controls\FileEditCtrl.h">
      <Filter>Controls</Filter>
    </ClInclude>
    <ClInclude Include="..\Controls\NewWizDialog.h">
      <Filter>Controls</Filter>
    </ClInclude>
    <ClInclude Include="..\Controls\NewWizPage.h">
      <Filter>Controls</Filter>
    </ClInclude>
    <ClInclude Include="..\Common\BasicExcelVC6.hpp">
      <Filter>Common</Filter>
    </ClInclude>
    <ClInclude Include="..\Common\DAO36.h">
      <Filter>Common</Filter>
    </ClInclude>
    <ClInclude Include="..\Common\DaoErr.h">
      <Filter>Common</Filter>
    </ClInclude>
    <ClInclude Include="..\Common\DB.H">
      <Filter>Common</Filter>
    </ClInclude>
    <ClInclude Include="..\Common\Elections.h">
      <Filter>Common</Filter>
    </ClInclude>
    <ClInclude Include="..\Common\ExpByExcel.h">
      <Filter>Common</Filter>
    </ClInclude>
    <ClInclude Include="..\Common\Export.h">
      <Filter>Common</Filter>
    </ClInclude>
    <ClInclude Include="..\Common\FHelpers.h">
      <Filter>Common</Filter>
    </ClInclude>
    <ClInclude Include="..\Common\MDB.H">
      <Filter>Common</Filter>
    </ClInclude>
    <ClInclude Include="..\Common\Monthes.h">
      <Filter>Common</Filter>
    </ClInclude>
  </ItemGroup>
  <ItemGroup>
    <Image Include="res\Attention.ico">
      <Filter>Resource Files</Filter>
    </Image>
    <Image Include="res\Birth.ico">
      <Filter>Resource Files</Filter>
    </Image>
    <Image Include="res\Change.ico">
      <Filter>Resource Files</Filter>
    </Image>
    <Image Include="res\CheckBoxIL.bmp">
      <Filter>Resource Files</Filter>
    </Image>
    <Image Include="res\Death.ico">
      <Filter>Resource Files</Filter>
    </Image>
    <Image Include="res\Divorce.ico">
      <Filter>Resource Files</Filter>
    </Image>
    <Image Include="res\idil_mes.bmp">
      <Filter>Resource Files</Filter>
    </Image>
    <Image Include="res\Marriage.ico">
      <Filter>Resource Files</Filter>
    </Image>
  </ItemGroup>
  <ItemGroup>
    <Text Include="ReadMe.txt" />
  </ItemGroup>
  <ItemGroup>
    <CustomBuild Include="ImpExp.def">
      <Filter>Source Files</Filter>
    </CustomBuild>
    <CustomBuild Include="res\ImpExp.rc2">
      <Filter>Resource Files</Filter>
    </CustomBuild>
  </ItemGroup>
</Project>